
Microsoft Visual Studio Solution File, Format Version 12.00
# Visual Studio Version 17
VisualStudioVersion = 17.6.33815.320
MinimumVisualStudioVersion = 10.0.40219.1
Project("{FAE04EC0-301F-11D3-BF4B-00C04F79EFBC}") = "IMC_Calculator", "IMC_Calculator\IMC_Calculator.csproj", "{1122D604-5DCC-4310-ABC0-8D43D57235FC}"
EndProject
Global
	GlobalSection(SolutionConfigurationPlatforms) = preSolution
		Debug|Any CPU = Debug|Any CPU
		Release|Any CPU = Release|Any CPU
	EndGlobalSection
	GlobalSection(ProjectConfigurationPlatforms) = postSolution
		{1122D604-5DCC-4310-ABC0-8D43D57235FC}.Debug|Any CPU.ActiveCfg = Debug|Any CPU
		{1122D604-5DCC-4310-ABC0-8D43D57235FC}.Debug|Any CPU.Build.0 = Debug|Any CPU
		{1122D604-5DCC-4310-ABC0-8D43D57235FC}.Release|Any CPU.ActiveCfg = Release|Any CPU
		{1122D604-5DCC-4310-ABC0-8D43D57235FC}.Release|Any CPU.Build.0 = Release|Any CPU
	EndGlobalSection
	GlobalSection(SolutionProperties) = preSolution
		HideSolutionNode = FALSE
	EndGlobalSection
	GlobalSection(ExtensibilityGlobals) = postSolution
		SolutionGuid = {3DE9E849-1AE3-4158-88DC-AFD862F15917}
	EndGlobalSection
EndGlobal
