
Microsoft Visual Studio Solution File, Format Version 12.00
# Visual Studio Version 17
VisualStudioVersion = 17.7.34018.315
MinimumVisualStudioVersion = 10.0.40219.1
Project("{FAE04EC0-301F-11D3-BF4B-00C04F79EFBC}") = "Quarto_projeto", "Quarto_projeto\Quarto_projeto.csproj", "{E13F3441-13DC-487C-AEBA-E43928D1A534}"
EndProject
Global
	GlobalSection(SolutionConfigurationPlatforms) = preSolution
		Debug|Any CPU = Debug|Any CPU
		Release|Any CPU = Release|Any CPU
	EndGlobalSection
	GlobalSection(ProjectConfigurationPlatforms) = postSolution
		{E13F3441-13DC-487C-AEBA-E43928D1A534}.Debug|Any CPU.ActiveCfg = Debug|Any CPU
		{E13F3441-13DC-487C-AEBA-E43928D1A534}.Debug|Any CPU.Build.0 = Debug|Any CPU
		{E13F3441-13DC-487C-AEBA-E43928D1A534}.Release|Any CPU.ActiveCfg = Release|Any CPU
		{E13F3441-13DC-487C-AEBA-E43928D1A534}.Release|Any CPU.Build.0 = Release|Any CPU
	EndGlobalSection
	GlobalSection(SolutionProperties) = preSolution
		HideSolutionNode = FALSE
	EndGlobalSection
	GlobalSection(ExtensibilityGlobals) = postSolution
		SolutionGuid = {F11E3364-3103-420F-8084-62C868E98A51}
	EndGlobalSection
EndGlobal
