
Microsoft Visual Studio Solution File, Format Version 12.00
# Visual Studio Version 17
VisualStudioVersion = 17.6.33815.320
MinimumVisualStudioVersion = 10.0.40219.1
Project("{FAE04EC0-301F-11D3-BF4B-00C04F79EFBC}") = "Locadora", "Locadora\Locadora.csproj", "{E52A529A-B9F0-43E9-B50C-5419F5A64A55}"
EndProject
Global
	GlobalSection(SolutionConfigurationPlatforms) = preSolution
		Debug|Any CPU = Debug|Any CPU
		Release|Any CPU = Release|Any CPU
	EndGlobalSection
	GlobalSection(ProjectConfigurationPlatforms) = postSolution
		{E52A529A-B9F0-43E9-B50C-5419F5A64A55}.Debug|Any CPU.ActiveCfg = Debug|Any CPU
		{E52A529A-B9F0-43E9-B50C-5419F5A64A55}.Debug|Any CPU.Build.0 = Debug|Any CPU
		{E52A529A-B9F0-43E9-B50C-5419F5A64A55}.Release|Any CPU.ActiveCfg = Release|Any CPU
		{E52A529A-B9F0-43E9-B50C-5419F5A64A55}.Release|Any CPU.Build.0 = Release|Any CPU
	EndGlobalSection
	GlobalSection(SolutionProperties) = preSolution
		HideSolutionNode = FALSE
	EndGlobalSection
	GlobalSection(ExtensibilityGlobals) = postSolution
		SolutionGuid = {95073F5C-C4F6-4DF5-BE40-757AE5469281}
	EndGlobalSection
EndGlobal
