
Microsoft Visual Studio Solution File, Format Version 12.00
# Visual Studio Version 17
VisualStudioVersion = 17.7.34018.315
MinimumVisualStudioVersion = 10.0.40219.1
Project("{FAE04EC0-301F-11D3-BF4B-00C04F79EFBC}") = "O_que_e_uma_excecao", "O_que_e_uma_excecao.csproj", "{BB27C837-E11A-4AE3-BE17-62BC0CF42B8C}"
EndProject
Global
	GlobalSection(SolutionConfigurationPlatforms) = preSolution
		Debug|Any CPU = Debug|Any CPU
		Release|Any CPU = Release|Any CPU
	EndGlobalSection
	GlobalSection(ProjectConfigurationPlatforms) = postSolution
		{BB27C837-E11A-4AE3-BE17-62BC0CF42B8C}.Debug|Any CPU.ActiveCfg = Debug|Any CPU
		{BB27C837-E11A-4AE3-BE17-62BC0CF42B8C}.Debug|Any CPU.Build.0 = Debug|Any CPU
		{BB27C837-E11A-4AE3-BE17-62BC0CF42B8C}.Release|Any CPU.ActiveCfg = Release|Any CPU
		{BB27C837-E11A-4AE3-BE17-62BC0CF42B8C}.Release|Any CPU.Build.0 = Release|Any CPU
	EndGlobalSection
	GlobalSection(SolutionProperties) = preSolution
		HideSolutionNode = FALSE
	EndGlobalSection
	GlobalSection(ExtensibilityGlobals) = postSolution
		SolutionGuid = {03776BE7-AA1B-49F1-A94B-92075C76DBE3}
	EndGlobalSection
EndGlobal
