
Microsoft Visual Studio Solution File, Format Version 12.00
# Visual Studio Version 17
VisualStudioVersion = 17.6.33815.320
MinimumVisualStudioVersion = 10.0.40219.1
Project("{FAE04EC0-301F-11D3-BF4B-00C04F79EFBC}") = "Operadores_matematicos_avançados", "Operadores_matematicos_avançados\Operadores_matematicos_avançados.csproj", "{093B5A43-63E5-40AE-A4DE-10BCB40B65CA}"
EndProject
Global
	GlobalSection(SolutionConfigurationPlatforms) = preSolution
		Debug|Any CPU = Debug|Any CPU
		Release|Any CPU = Release|Any CPU
	EndGlobalSection
	GlobalSection(ProjectConfigurationPlatforms) = postSolution
		{093B5A43-63E5-40AE-A4DE-10BCB40B65CA}.Debug|Any CPU.ActiveCfg = Debug|Any CPU
		{093B5A43-63E5-40AE-A4DE-10BCB40B65CA}.Debug|Any CPU.Build.0 = Debug|Any CPU
		{093B5A43-63E5-40AE-A4DE-10BCB40B65CA}.Release|Any CPU.ActiveCfg = Release|Any CPU
		{093B5A43-63E5-40AE-A4DE-10BCB40B65CA}.Release|Any CPU.Build.0 = Release|Any CPU
	EndGlobalSection
	GlobalSection(SolutionProperties) = preSolution
		HideSolutionNode = FALSE
	EndGlobalSection
	GlobalSection(ExtensibilityGlobals) = postSolution
		SolutionGuid = {6830568C-8F08-4CE1-A12C-92842EB90408}
	EndGlobalSection
EndGlobal
